
Microsoft Visual Studio Solution File, Format Version 12.00
# Visual Studio Version 16
VisualStudioVersion = 16.0.29102.190
MinimumVisualStudioVersion = 10.0.40219.1
Project("{FAE04EC0-301F-11D3-BF4B-00C04F79EFBC}") = "ProyectoRestDB", "ProyectoRestDB\ProyectoRestDB.csproj", "{5785A9A2-04DF-460E-8333-876789FE737B}"
EndProject
Global
	GlobalSection(SolutionConfigurationPlatforms) = preSolution
		Debug|Any CPU = Debug|Any CPU
		Release|Any CPU = Release|Any CPU
	EndGlobalSection
	GlobalSection(ProjectConfigurationPlatforms) = postSolution
		{5785A9A2-04DF-460E-8333-876789FE737B}.Debug|Any CPU.ActiveCfg = Debug|Any CPU
		{5785A9A2-04DF-460E-8333-876789FE737B}.Debug|Any CPU.Build.0 = Debug|Any CPU
		{5785A9A2-04DF-460E-8333-876789FE737B}.Release|Any CPU.ActiveCfg = Release|Any CPU
		{5785A9A2-04DF-460E-8333-876789FE737B}.Release|Any CPU.Build.0 = Release|Any CPU
	EndGlobalSection
	GlobalSection(SolutionProperties) = preSolution
		HideSolutionNode = FALSE
	EndGlobalSection
	GlobalSection(ExtensibilityGlobals) = postSolution
		SolutionGuid = {BA891317-2B0F-4A4D-BF78-D71FA4875528}
	EndGlobalSection
EndGlobal
